
Microsoft Visual Studio Solution File, Format Version 12.00
Project("{FAE04EC0-301F-11D3-BF4B-00C04F79EFBC}") = "AreaCalculation", "AreaCalculation\AreaCalculation.csproj", "{8CFFB443-C02D-44CF-A093-F35193929EC4}"
EndProject
Project("{FAE04EC0-301F-11D3-BF4B-00C04F79EFBC}") = "AreaCalculationTests.Unit", "AreaCalculationTests.Unit\AreaCalculationTests.Unit.csproj", "{47080A88-5C4C-4AB8-B169-5334EF412145}"
EndProject
Global
	GlobalSection(SolutionConfigurationPlatforms) = preSolution
		Debug|Any CPU = Debug|Any CPU
		Release|Any CPU = Release|Any CPU
	EndGlobalSection
	GlobalSection(ProjectConfigurationPlatforms) = postSolution
		{8CFFB443-C02D-44CF-A093-F35193929EC4}.Debug|Any CPU.ActiveCfg = Debug|Any CPU
		{8CFFB443-C02D-44CF-A093-F35193929EC4}.Debug|Any CPU.Build.0 = Debug|Any CPU
		{8CFFB443-C02D-44CF-A093-F35193929EC4}.Release|Any CPU.ActiveCfg = Release|Any CPU
		{8CFFB443-C02D-44CF-A093-F35193929EC4}.Release|Any CPU.Build.0 = Release|Any CPU
		{47080A88-5C4C-4AB8-B169-5334EF412145}.Debug|Any CPU.ActiveCfg = Debug|Any CPU
		{47080A88-5C4C-4AB8-B169-5334EF412145}.Debug|Any CPU.Build.0 = Debug|Any CPU
		{47080A88-5C4C-4AB8-B169-5334EF412145}.Release|Any CPU.ActiveCfg = Release|Any CPU
		{47080A88-5C4C-4AB8-B169-5334EF412145}.Release|Any CPU.Build.0 = Release|Any CPU
	EndGlobalSection
EndGlobal
